
Microsoft Visual Studio Solution File, Format Version 12.00
# Visual Studio Version 17
VisualStudioVersion = 17.4.33213.308
MinimumVisualStudioVersion = 10.0.40219.1
Project("{FAE04EC0-301F-11D3-BF4B-00C04F79EFBC}") = "16.feladat", "16.feladat\16.feladat.csproj", "{B6623E20-7EC0-4DED-8674-3F0242AE0C92}"
EndProject
Global
	GlobalSection(SolutionConfigurationPlatforms) = preSolution
		Debug|Any CPU = Debug|Any CPU
		Release|Any CPU = Release|Any CPU
	EndGlobalSection
	GlobalSection(ProjectConfigurationPlatforms) = postSolution
		{B6623E20-7EC0-4DED-8674-3F0242AE0C92}.Debug|Any CPU.ActiveCfg = Debug|Any CPU
		{B6623E20-7EC0-4DED-8674-3F0242AE0C92}.Debug|Any CPU.Build.0 = Debug|Any CPU
		{B6623E20-7EC0-4DED-8674-3F0242AE0C92}.Release|Any CPU.ActiveCfg = Release|Any CPU
		{B6623E20-7EC0-4DED-8674-3F0242AE0C92}.Release|Any CPU.Build.0 = Release|Any CPU
	EndGlobalSection
	GlobalSection(SolutionProperties) = preSolution
		HideSolutionNode = FALSE
	EndGlobalSection
	GlobalSection(ExtensibilityGlobals) = postSolution
		SolutionGuid = {027B1D70-8E42-4D60-80FE-6DFD59AAB91E}
	EndGlobalSection
EndGlobal
