
Microsoft Visual Studio Solution File, Format Version 12.00
# Visual Studio Version 17
VisualStudioVersion = 17.3.32825.248
MinimumVisualStudioVersion = 10.0.40219.1
Project("{FAE04EC0-301F-11D3-BF4B-00C04F79EFBC}") = "Formsfeladat1", "Formsfeladat1\Formsfeladat1.csproj", "{50243290-69B6-4650-9DDE-4392CFE825CA}"
EndProject
Global
	GlobalSection(SolutionConfigurationPlatforms) = preSolution
		Debug|Any CPU = Debug|Any CPU
		Release|Any CPU = Release|Any CPU
	EndGlobalSection
	GlobalSection(ProjectConfigurationPlatforms) = postSolution
		{50243290-69B6-4650-9DDE-4392CFE825CA}.Debug|Any CPU.ActiveCfg = Debug|Any CPU
		{50243290-69B6-4650-9DDE-4392CFE825CA}.Debug|Any CPU.Build.0 = Debug|Any CPU
		{50243290-69B6-4650-9DDE-4392CFE825CA}.Release|Any CPU.ActiveCfg = Release|Any CPU
		{50243290-69B6-4650-9DDE-4392CFE825CA}.Release|Any CPU.Build.0 = Release|Any CPU
	EndGlobalSection
	GlobalSection(SolutionProperties) = preSolution
		HideSolutionNode = FALSE
	EndGlobalSection
	GlobalSection(ExtensibilityGlobals) = postSolution
		SolutionGuid = {627BC586-BF7A-4763-A33D-DCFD63F6E9AE}
	EndGlobalSection
EndGlobal
