
Microsoft Visual Studio Solution File, Format Version 12.00
# Visual Studio Version 17
VisualStudioVersion = 17.4.33213.308
MinimumVisualStudioVersion = 10.0.40219.1
Project("{FAE04EC0-301F-11D3-BF4B-00C04F79EFBC}") = "Magyarország helységtáblázat", "Magyarország helységtáblázat\Magyarország helységtáblázat.csproj", "{3AF84EA9-A73E-44DC-B8CD-3520A7576372}"
EndProject
Global
	GlobalSection(SolutionConfigurationPlatforms) = preSolution
		Debug|Any CPU = Debug|Any CPU
		Release|Any CPU = Release|Any CPU
	EndGlobalSection
	GlobalSection(ProjectConfigurationPlatforms) = postSolution
		{3AF84EA9-A73E-44DC-B8CD-3520A7576372}.Debug|Any CPU.ActiveCfg = Debug|Any CPU
		{3AF84EA9-A73E-44DC-B8CD-3520A7576372}.Debug|Any CPU.Build.0 = Debug|Any CPU
		{3AF84EA9-A73E-44DC-B8CD-3520A7576372}.Release|Any CPU.ActiveCfg = Release|Any CPU
		{3AF84EA9-A73E-44DC-B8CD-3520A7576372}.Release|Any CPU.Build.0 = Release|Any CPU
	EndGlobalSection
	GlobalSection(SolutionProperties) = preSolution
		HideSolutionNode = FALSE
	EndGlobalSection
	GlobalSection(ExtensibilityGlobals) = postSolution
		SolutionGuid = {EF547233-6B7B-4CE2-B8A4-959310F9E48C}
	EndGlobalSection
EndGlobal
