
Microsoft Visual Studio Solution File, Format Version 12.00
# Visual Studio Version 17
VisualStudioVersion = 17.4.33213.308
MinimumVisualStudioVersion = 10.0.40219.1
Project("{FAE04EC0-301F-11D3-BF4B-00C04F79EFBC}") = "4.feladat", "4.feladat\4.feladat.csproj", "{D06C1A14-6CE2-489B-B1E8-FD38EDA154C8}"
EndProject
Global
	GlobalSection(SolutionConfigurationPlatforms) = preSolution
		Debug|Any CPU = Debug|Any CPU
		Release|Any CPU = Release|Any CPU
	EndGlobalSection
	GlobalSection(ProjectConfigurationPlatforms) = postSolution
		{D06C1A14-6CE2-489B-B1E8-FD38EDA154C8}.Debug|Any CPU.ActiveCfg = Debug|Any CPU
		{D06C1A14-6CE2-489B-B1E8-FD38EDA154C8}.Debug|Any CPU.Build.0 = Debug|Any CPU
		{D06C1A14-6CE2-489B-B1E8-FD38EDA154C8}.Release|Any CPU.ActiveCfg = Release|Any CPU
		{D06C1A14-6CE2-489B-B1E8-FD38EDA154C8}.Release|Any CPU.Build.0 = Release|Any CPU
	EndGlobalSection
	GlobalSection(SolutionProperties) = preSolution
		HideSolutionNode = FALSE
	EndGlobalSection
	GlobalSection(ExtensibilityGlobals) = postSolution
		SolutionGuid = {62B41BC5-0DC2-4446-8785-6373F33C3487}
	EndGlobalSection
EndGlobal
